
Microsoft Visual Studio Solution File, Format Version 12.00
# Visual Studio Version 17
VisualStudioVersion = 17.10.34916.146
MinimumVisualStudioVersion = 10.0.40219.1
Project("{9A19103F-16F7-4668-BE54-9A1E7A4F7556}") = "AppVidaSana", "AppVidaSana.csproj", "{8B3DE722-3139-426A-B7B7-CEA813D0F5CA}"
EndProject
Global
	GlobalSection(SolutionConfigurationPlatforms) = preSolution
		Debug|Any CPU = Debug|Any CPU
		Release|Any CPU = Release|Any CPU
	EndGlobalSection
	GlobalSection(ProjectConfigurationPlatforms) = postSolution
		{8B3DE722-3139-426A-B7B7-CEA813D0F5CA}.Debug|Any CPU.ActiveCfg = Debug|Any CPU
		{8B3DE722-3139-426A-B7B7-CEA813D0F5CA}.Debug|Any CPU.Build.0 = Debug|Any CPU
		{8B3DE722-3139-426A-B7B7-CEA813D0F5CA}.Release|Any CPU.ActiveCfg = Release|Any CPU
		{8B3DE722-3139-426A-B7B7-CEA813D0F5CA}.Release|Any CPU.Build.0 = Release|Any CPU
	EndGlobalSection
	GlobalSection(SolutionProperties) = preSolution
		HideSolutionNode = FALSE
	EndGlobalSection
	GlobalSection(ExtensibilityGlobals) = postSolution
		SolutionGuid = {08A6453E-2CDB-4BEC-8429-9FC8847AE2E8}
	EndGlobalSection
EndGlobal
